
Microsoft Visual Studio Solution File, Format Version 12.00
# Visual Studio Version 16
VisualStudioVersion = 16.0.30011.22
MinimumVisualStudioVersion = 10.0.40219.1
Project("{FAE04EC0-301F-11D3-BF4B-00C04F79EFBC}") = "BookStore", "BookStore\BookStore.csproj", "{0387DB7C-61A8-4674-9A10-9642F7E72224}"
EndProject
Global
	GlobalSection(SolutionConfigurationPlatforms) = preSolution
		Debug|Any CPU = Debug|Any CPU
		Release|Any CPU = Release|Any CPU
	EndGlobalSection
	GlobalSection(ProjectConfigurationPlatforms) = postSolution
		{0387DB7C-61A8-4674-9A10-9642F7E72224}.Debug|Any CPU.ActiveCfg = Debug|Any CPU
		{0387DB7C-61A8-4674-9A10-9642F7E72224}.Debug|Any CPU.Build.0 = Debug|Any CPU
		{0387DB7C-61A8-4674-9A10-9642F7E72224}.Release|Any CPU.ActiveCfg = Release|Any CPU
		{0387DB7C-61A8-4674-9A10-9642F7E72224}.Release|Any CPU.Build.0 = Release|Any CPU
	EndGlobalSection
	GlobalSection(SolutionProperties) = preSolution
		HideSolutionNode = FALSE
	EndGlobalSection
	GlobalSection(ExtensibilityGlobals) = postSolution
		SolutionGuid = {206BAC50-49E7-4C18-9B9D-C3FDC1EB1F7D}
	EndGlobalSection
EndGlobal
